PODS:
  - Masonry (0.6.4)
  - SDWebImage (3.7.6):
    - SDWebImage/Core (= 3.7.6)
  - SDWebImage/Core (3.7.6)

DEPENDENCIES:
  - Masonry (~> 0.6.4)
  - SDWebImage (~> 3.7.5)

SPEC CHECKSUMS:
  Masonry: 281802d04d787ea2973179ee8bcb50500579ede2
  SDWebImage: c325cf02c30337336b95beff20a13df489ec0ec9

PODFILE CHECKSUM: 306afe36c944941d36f321692b3c2679499dbc4f

COCOAPODS: 1.2.0
